
Microsoft Visual Studio Solution File, Format Version 10.00
# Visual Studio 2008
Project("{FAE04EC0-301F-11D3-BF4B-00C04F79EFBC}") = "Windows Local Key Process", "Windows Local Key Process\Windows Local Key Process.csproj", "{280783BE-52D8-459B-9143-4274DF5A92DB}"
EndProject
Global
	GlobalSection(SolutionConfigurationPlatforms) = preSolution
		Debug|Any CPU = Debug|Any CPU
		Release|Any CPU = Release|Any CPU
	EndGlobalSection
	GlobalSection(ProjectConfigurationPlatforms) = postSolution
		{280783BE-52D8-459B-9143-4274DF5A92DB}.Debug|Any CPU.ActiveCfg = Debug|Any CPU
		{280783BE-52D8-459B-9143-4274DF5A92DB}.Debug|Any CPU.Build.0 = Debug|Any CPU
		{280783BE-52D8-459B-9143-4274DF5A92DB}.Release|Any CPU.ActiveCfg = Release|Any CPU
		{280783BE-52D8-459B-9143-4274DF5A92DB}.Release|Any CPU.Build.0 = Release|Any CPU
	EndGlobalSection
	GlobalSection(SolutionProperties) = preSolution
		HideSolutionNode = FALSE
	EndGlobalSection
EndGlobal
